
Microsoft Visual Studio Solution File, Format Version 12.00
# Visual Studio 15
VisualStudioVersion = 15.0.27130.2024
MinimumVisualStudioVersion = 10.0.40219.1
Project("{FAE04EC0-301F-11D3-BF4B-00C04F79EFBC}") = "BDDTests", "AmazonUsage\BDDTests.csproj", "{B36C48AF-686A-48B7-8C39-B0C6780FF00F}"
EndProject
Project("{FAE04EC0-301F-11D3-BF4B-00C04F79EFBC}") = "Framework", "Framework\Framework.csproj", "{2F1E3C50-4905-4D0D-AA21-FF9F0218BF46}"
EndProject
Project("{FAE04EC0-301F-11D3-BF4B-00C04F79EFBC}") = "DataDrivenTests", "DataDrivenTests\DataDrivenTests.csproj", "{A445C2F9-5276-48ED-B1FF-D87D21D1B51A}"
EndProject
Project("{FAE04EC0-301F-11D3-BF4B-00C04F79EFBC}") = "Dependencies", "Dependencies\Dependencies.csproj", "{BF9CBFA1-323F-47A8-B860-FA4DD2C31AF6}"
EndProject
Global
	GlobalSection(SolutionConfigurationPlatforms) = preSolution
		Debug|Any CPU = Debug|Any CPU
		Release|Any CPU = Release|Any CPU
	EndGlobalSection
	GlobalSection(ProjectConfigurationPlatforms) = postSolution
		{B36C48AF-686A-48B7-8C39-B0C6780FF00F}.Debug|Any CPU.ActiveCfg = Debug|Any CPU
		{B36C48AF-686A-48B7-8C39-B0C6780FF00F}.Debug|Any CPU.Build.0 = Debug|Any CPU
		{B36C48AF-686A-48B7-8C39-B0C6780FF00F}.Release|Any CPU.ActiveCfg = Release|Any CPU
		{B36C48AF-686A-48B7-8C39-B0C6780FF00F}.Release|Any CPU.Build.0 = Release|Any CPU
		{2F1E3C50-4905-4D0D-AA21-FF9F0218BF46}.Debug|Any CPU.ActiveCfg = Debug|Any CPU
		{2F1E3C50-4905-4D0D-AA21-FF9F0218BF46}.Debug|Any CPU.Build.0 = Debug|Any CPU
		{2F1E3C50-4905-4D0D-AA21-FF9F0218BF46}.Release|Any CPU.ActiveCfg = Release|Any CPU
		{2F1E3C50-4905-4D0D-AA21-FF9F0218BF46}.Release|Any CPU.Build.0 = Release|Any CPU
		{A445C2F9-5276-48ED-B1FF-D87D21D1B51A}.Debug|Any CPU.ActiveCfg = Debug|Any CPU
		{A445C2F9-5276-48ED-B1FF-D87D21D1B51A}.Debug|Any CPU.Build.0 = Debug|Any CPU
		{A445C2F9-5276-48ED-B1FF-D87D21D1B51A}.Release|Any CPU.ActiveCfg = Release|Any CPU
		{A445C2F9-5276-48ED-B1FF-D87D21D1B51A}.Release|Any CPU.Build.0 = Release|Any CPU
		{BF9CBFA1-323F-47A8-B860-FA4DD2C31AF6}.Debug|Any CPU.ActiveCfg = Debug|Any CPU
		{BF9CBFA1-323F-47A8-B860-FA4DD2C31AF6}.Debug|Any CPU.Build.0 = Debug|Any CPU
		{BF9CBFA1-323F-47A8-B860-FA4DD2C31AF6}.Release|Any CPU.ActiveCfg = Release|Any CPU
		{BF9CBFA1-323F-47A8-B860-FA4DD2C31AF6}.Release|Any CPU.Build.0 = Release|Any CPU
	EndGlobalSection
	GlobalSection(SolutionProperties) = preSolution
		HideSolutionNode = FALSE
	EndGlobalSection
	GlobalSection(ExtensibilityGlobals) = postSolution
		SolutionGuid = {2CC0D3DB-5165-4C48-94B5-787BC870964F}
	EndGlobalSection
EndGlobal
